{
  "name": "IDN_PA_ARtrail_FYPJ2022P1",
  "lockfileVersion": 2,
  "requires": true,
  "packages": {
    "": {
      "name": "IDN_PA_ARtrail_FYPJ2022P1",
      "dependencies": {
        "aframe-html-shader": "^0.2.0"
      }
    },
    "node_modules/aframe-html-shader": {
      "version": "0.2.0",
      "resolved": "https://registry.npmjs.org/aframe-html-shader/-/aframe-html-shader-0.2.0.tgz",
      "integrity": "sha1-+0x2xpeCh6PuaH3LnT3YTfRsRZk="
    }
  },
  "dependencies": {
    "aframe-html-shader": {
      "version": "0.2.0",
      "resolved": "https://registry.npmjs.org/aframe-html-shader/-/aframe-html-shader-0.2.0.tgz",
      "integrity": "sha1-+0x2xpeCh6PuaH3LnT3YTfRsRZk="
    }
  }
}
